// !$*UTF8*$!
{
	archiveVersion = 1;
	classes = {
	};
	objectVersion = 52;
	objects = {

/* Begin PBXBuildFile section */
		97468FC72447FD2C00CA1BE8 /* LocationManager.swift in Sources */ = {isa = PBXBuildFile; fileRef = 97468FC62447FD2C00CA1BE8 /* LocationManager.swift */; };
		97468FC92448408800CA1BE8 /* UIImageView.swift in Sources */ = {isa = PBXBuildFile; fileRef = 97468FC82448408800CA1BE8 /* UIImageView.swift */; };
		974B928424453A1A00A3E4CD /* AppDelegate.swift in Sources */ = {isa = PBXBuildFile; fileRef = 974B928324453A1A00A3E4CD /* AppDelegate.swift */; };
		974B928624453A1A00A3E4CD /* SceneDelegate.swift in Sources */ = {isa = PBXBuildFile; fileRef = 974B928524453A1A00A3E4CD /* SceneDelegate.swift */; };
		974B928824453A1A00A3E4CD /* ViewController.swift in Sources */ = {isa = PBXBuildFile; fileRef = 974B928724453A1A00A3E4CD /* ViewController.swift */; };
		974B928B24453A1A00A3E4CD /* Main.storyboard in Resources */ = {isa = PBXBuildFile; fileRef = 974B928924453A1A00A3E4CD /* Main.storyboard */; };
		974B928D24453A1C00A3E4CD /* Assets.xcassets in Resources */ = {isa = PBXBuildFile; fileRef = 974B928C24453A1C00A3E4CD /* Assets.xcassets */; };
		974B929024453A1C00A3E4CD /* LaunchScreen.storyboard in Resources */ = {isa = PBXBuildFile; fileRef = 974B928E24453A1C00A3E4CD /* LaunchScreen.storyboard */; };
		974B929824455F4C00A3E4CD /* NetworkManager.swift in Sources */ = {isa = PBXBuildFile; fileRef = 974B929724455F4C00A3E4CD /* NetworkManager.swift */; };
		974B929A2445854000A3E4CD /* Constants.swift in Sources */ = {isa = PBXBuildFile; fileRef = 974B92992445854000A3E4CD /* Constants.swift */; };
		974B929C2445866500A3E4CD /* CovidManager.swift in Sources */ = {isa = PBXBuildFile; fileRef = 974B929B2445866500A3E4CD /* CovidManager.swift */; };
		974B92A524458BE300A3E4CD /* Corona.swift in Sources */ = {isa = PBXBuildFile; fileRef = 974B929F24458BE200A3E4CD /* Corona.swift */; };
		974B92A624458BE300A3E4CD /* Tests.swift in Sources */ = {isa = PBXBuildFile; fileRef = 974B92A024458BE200A3E4CD /* Tests.swift */; };
		974B92A724458BE300A3E4CD /* Cases.swift in Sources */ = {isa = PBXBuildFile; fileRef = 974B92A124458BE300A3E4CD /* Cases.swift */; };
		974B92A824458BE300A3E4CD /* Deaths.swift in Sources */ = {isa = PBXBuildFile; fileRef = 974B92A224458BE300A3E4CD /* Deaths.swift */; };
		974B92AA24458BE300A3E4CD /* Response.swift in Sources */ = {isa = PBXBuildFile; fileRef = 974B92A424458BE300A3E4CD /* Response.swift */; };
		9767093E2446A8C4002F72EF /* CountryManager.swift in Sources */ = {isa = PBXBuildFile; fileRef = 9767093D2446A8C4002F72EF /* CountryManager.swift */; };
		976709432446AA81002F72EF /* Country.swift in Sources */ = {isa = PBXBuildFile; fileRef = 976709422446AA81002F72EF /* Country.swift */; };
		976709452446AAA1002F72EF /* Countries.swift in Sources */ = {isa = PBXBuildFile; fileRef = 976709442446AAA1002F72EF /* Countries.swift */; };
		976709482446DD25002F72EF /* UIView.swift in Sources */ = {isa = PBXBuildFile; fileRef = 976709472446DD25002F72EF /* UIView.swift */; };
		9767094D24470EB5002F72EF /* Charts in Frameworks */ = {isa = PBXBuildFile; productRef = 9767094C24470EB5002F72EF /* Charts */; };
		979498FE2449340A005439CB /* WebKit.framework in Frameworks */ = {isa = PBXBuildFile; fileRef = 979498FD2449340A005439CB /* WebKit.framework */; };
		9794990824495656005439CB /* SelfAssessmentVC.swift in Sources */ = {isa = PBXBuildFile; fileRef = 9794990724495656005439CB /* SelfAssessmentVC.swift */; };
		9794990B24495688005439CB /* Question.swift in Sources */ = {isa = PBXBuildFile; fileRef = 9794990A24495688005439CB /* Question.swift */; };
		9794990F24498CD7005439CB /* PreventiveMeasureVC.swift in Sources */ = {isa = PBXBuildFile; fileRef = 9794990E24498CD7005439CB /* PreventiveMeasureVC.swift */; };
		9794991124498DAC005439CB /* SearchCountryVC.swift in Sources */ = {isa = PBXBuildFile; fileRef = 9794991024498DAC005439CB /* SearchCountryVC.swift */; };
		97949913244999D6005439CB /* SearchedCountryTVCell.swift in Sources */ = {isa = PBXBuildFile; fileRef = 97949912244999D6005439CB /* SearchedCountryTVCell.swift */; };
/* End PBXBuildFile section */

/* Begin PBXFileReference section */
		97468FC62447FD2C00CA1BE8 /* LocationManager.swift */ = {isa = PBXFileReference; lastKnownFileType = sourcecode.swift; path = LocationManager.swift; sourceTree = "<group>"; };
		97468FC82448408800CA1BE8 /* UIImageView.swift */ = {isa = PBXFileReference; lastKnownFileType = sourcecode.swift; path = UIImageView.swift; sourceTree = "<group>"; };
		974B928024453A1A00A3E4CD /* COVID-19.app */ = {isa = PBXFileReference; explicitFileType = wrapper.application; includeInIndex = 0; path = "COVID-19.app"; sourceTree = BUILT_PRODUCTS_DIR; };
		974B928324453A1A00A3E4CD /* AppDelegate.swift */ = {isa = PBXFileReference; lastKnownFileType = sourcecode.swift; path = AppDelegate.swift; sourceTree = "<group>"; };
		974B928524453A1A00A3E4CD /* SceneDelegate.swift */ = {isa = PBXFileReference; lastKnownFileType = sourcecode.swift; path = SceneDelegate.swift; sourceTree = "<group>"; };
		974B928724453A1A00A3E4CD /* ViewController.swift */ = {isa = PBXFileReference; lastKnownFileType = sourcecode.swift; path = ViewController.swift; sourceTree = "<group>"; };
		974B928A24453A1A00A3E4CD /* Base */ = {isa = PBXFileReference; lastKnownFileType = file.storyboard; name = Base; path = Base.lproj/Main.storyboard; sourceTree = "<group>"; };
		974B928C24453A1C00A3E4CD /* Assets.xcassets */ = {isa = PBXFileReference; lastKnownFileType = folder.assetcatalog; path = Assets.xcassets; sourceTree = "<group>"; };
		974B928F24453A1C00A3E4CD /* Base */ = {isa = PBXFileReference; lastKnownFileType = file.storyboard; name = Base; path = Base.lproj/LaunchScreen.storyboard; sourceTree = "<group>"; };
		974B929124453A1C00A3E4CD /* Info.plist */ = {isa = PBXFileReference; lastKnownFileType = text.plist.xml; path = Info.plist; sourceTree = "<group>"; };
		974B929724455F4C00A3E4CD /* NetworkManager.swift */ = {isa = PBXFileReference; lastKnownFileType = sourcecode.swift; path = NetworkManager.swift; sourceTree = "<group>"; };
		974B92992445854000A3E4CD /* Constants.swift */ = {isa = PBXFileReference; lastKnownFileType = sourcecode.swift; path = Constants.swift; sourceTree = "<group>"; };
		974B929B2445866500A3E4CD /* CovidManager.swift */ = {isa = PBXFileReference; lastKnownFileType = sourcecode.swift; path = CovidManager.swift; sourceTree = "<group>"; };
		974B929F24458BE200A3E4CD /* Corona.swift */ = {isa = PBXFileReference; fileEncoding = 4; lastKnownFileType = sourcecode.swift; path = Corona.swift; sourceTree = "<group>"; };
		974B92A024458BE200A3E4CD /* Tests.swift */ = {isa = PBXFileReference; fileEncoding = 4; lastKnownFileType = sourcecode.swift; path = Tests.swift; sourceTree = "<group>"; };
		974B92A124458BE300A3E4CD /* Cases.swift */ = {isa = PBXFileReference; fileEncoding = 4; lastKnownFileType = sourcecode.swift; path = Cases.swift; sourceTree = "<group>"; };
		974B92A224458BE300A3E4CD /* Deaths.swift */ = {isa = PBXFileReference; fileEncoding = 4; lastKnownFileType = sourcecode.swift; path = Deaths.swift; sourceTree = "<group>"; };
		974B92A424458BE300A3E4CD /* Response.swift */ = {isa = PBXFileReference; fileEncoding = 4; lastKnownFileType = sourcecode.swift; path = Response.swift; sourceTree = "<group>"; };
		9767093D2446A8C4002F72EF /* CountryManager.swift */ = {isa = PBXFileReference; lastKnownFileType = sourcecode.swift; path = CountryManager.swift; sourceTree = "<group>"; };
		976709422446AA81002F72EF /* Country.swift */ = {isa = PBXFileReference; lastKnownFileType = sourcecode.swift; path = Country.swift; sourceTree = "<group>"; };
		976709442446AAA1002F72EF /* Countries.swift */ = {isa = PBXFileReference; lastKnownFileType = sourcecode.swift; path = Countries.swift; sourceTree = "<group>"; };
		976709472446DD25002F72EF /* UIView.swift */ = {isa = PBXFileReference; lastKnownFileType = sourcecode.swift; path = UIView.swift; sourceTree = "<group>"; };
		979498FD2449340A005439CB /* WebKit.framework */ = {isa = PBXFileReference; lastKnownFileType = wrapper.framework; name = WebKit.framework; path = System/Library/Frameworks/WebKit.framework; sourceTree = SDKROOT; };
		9794990724495656005439CB /* SelfAssessmentVC.swift */ = {isa = PBXFileReference; lastKnownFileType = sourcecode.swift; path = SelfAssessmentVC.swift; sourceTree = "<group>"; };
		9794990A24495688005439CB /* Question.swift */ = {isa = PBXFileReference; lastKnownFileType = sourcecode.swift; path = Question.swift; sourceTree = "<group>"; };
		9794990E24498CD7005439CB /* PreventiveMeasureVC.swift */ = {isa = PBXFileReference; lastKnownFileType = sourcecode.swift; path = PreventiveMeasureVC.swift; sourceTree = "<group>"; };
		9794991024498DAC005439CB /* SearchCountryVC.swift */ = {isa = PBXFileReference; lastKnownFileType = sourcecode.swift; path = SearchCountryVC.swift; sourceTree = "<group>"; };
		97949912244999D6005439CB /* SearchedCountryTVCell.swift */ = {isa = PBXFileReference; lastKnownFileType = sourcecode.swift; path = SearchedCountryTVCell.swift; sourceTree = "<group>"; };
/* End PBXFileReference section */

/* Begin PBXFrameworksBuildPhase section */
		974B927D24453A1A00A3E4CD /* Frameworks */ = {
			isa = PBXFrameworksBuildPhase;
			buildActionMask = 2147483647;
			files = (
				979498FE2449340A005439CB /* WebKit.framework in Frameworks */,
				9767094D24470EB5002F72EF /* Charts in Frameworks */,
			);
			runOnlyForDeploymentPostprocessing = 0;
		};
/* End PBXFrameworksBuildPhase section */

/* Begin PBXGroup section */
		974B927724453A1A00A3E4CD = {
			isa = PBXGroup;
			children = (
				974B928224453A1A00A3E4CD /* COVID-19 */,
				974B928124453A1A00A3E4CD /* Products */,
				979498FC2449340A005439CB /* Frameworks */,
			);
			sourceTree = "<group>";
		};
		974B928124453A1A00A3E4CD /* Products */ = {
			isa = PBXGroup;
			children = (
				974B928024453A1A00A3E4CD /* COVID-19.app */,
			);
			name = Products;
			sourceTree = "<group>";
		};
		974B928224453A1A00A3E4CD /* COVID-19 */ = {
			isa = PBXGroup;
			children = (
				976709462446DD15002F72EF /* Extensions */,
				9767093C24469CBA002F72EF /* Utilities */,
				974B92AB24459E1A00A3E4CD /* Services */,
				974B929D24458BD100A3E4CD /* Model */,
				97949906244955E2005439CB /* Controller */,
				974B928324453A1A00A3E4CD /* AppDelegate.swift */,
				974B928524453A1A00A3E4CD /* SceneDelegate.swift */,
				974B928924453A1A00A3E4CD /* Main.storyboard */,
				974B928C24453A1C00A3E4CD /* Assets.xcassets */,
				974B928E24453A1C00A3E4CD /* LaunchScreen.storyboard */,
				974B929124453A1C00A3E4CD /* Info.plist */,
			);
			path = "COVID-19";
			sourceTree = "<group>";
		};
		974B929D24458BD100A3E4CD /* Model */ = {
			isa = PBXGroup;
			children = (
				9794990924495671005439CB /* Assessment */,
				976709412446AA72002F72EF /* Flag */,
				974B929E24458BD800A3E4CD /* Corona */,
			);
			path = Model;
			sourceTree = "<group>";
		};
		974B929E24458BD800A3E4CD /* Corona */ = {
			isa = PBXGroup;
			children = (
				974B92A124458BE300A3E4CD /* Cases.swift */,
				974B929F24458BE200A3E4CD /* Corona.swift */,
				974B92A224458BE300A3E4CD /* Deaths.swift */,
				974B92A424458BE300A3E4CD /* Response.swift */,
				974B92A024458BE200A3E4CD /* Tests.swift */,
			);
			path = Corona;
			sourceTree = "<group>";
		};
		974B92AB24459E1A00A3E4CD /* Services */ = {
			isa = PBXGroup;
			children = (
				974B929724455F4C00A3E4CD /* NetworkManager.swift */,
				974B929B2445866500A3E4CD /* CovidManager.swift */,
				9767093D2446A8C4002F72EF /* CountryManager.swift */,
				97468FC62447FD2C00CA1BE8 /* LocationManager.swift */,
			);
			path = Services;
			sourceTree = "<group>";
		};
		9767093C24469CBA002F72EF /* Utilities */ = {
			isa = PBXGroup;
			children = (
				974B92992445854000A3E4CD /* Constants.swift */,
			);
			path = Utilities;
			sourceTree = "<group>";
		};
		976709412446AA72002F72EF /* Flag */ = {
			isa = PBXGroup;
			children = (
				976709422446AA81002F72EF /* Country.swift */,
				976709442446AAA1002F72EF /* Countries.swift */,
			);
			path = Flag;
			sourceTree = "<group>";
		};
		976709462446DD15002F72EF /* Extensions */ = {
			isa = PBXGroup;
			children = (
				976709472446DD25002F72EF /* UIView.swift */,
				97468FC82448408800CA1BE8 /* UIImageView.swift */,
			);
			path = Extensions;
			sourceTree = "<group>";
		};
		979498FC2449340A005439CB /* Frameworks */ = {
			isa = PBXGroup;
			children = (
				979498FD2449340A005439CB /* WebKit.framework */,
			);
			name = Frameworks;
			sourceTree = "<group>";
		};
		97949906244955E2005439CB /* Controller */ = {
			isa = PBXGroup;
			children = (
				974B928724453A1A00A3E4CD /* ViewController.swift */,
				9794990724495656005439CB /* SelfAssessmentVC.swift */,
				9794990E24498CD7005439CB /* PreventiveMeasureVC.swift */,
				9794991024498DAC005439CB /* SearchCountryVC.swift */,
				97949912244999D6005439CB /* SearchedCountryTVCell.swift */,
			);
			path = Controller;
			sourceTree = "<group>";
		};
		9794990924495671005439CB /* Assessment */ = {
			isa = PBXGroup;
			children = (
				9794990A24495688005439CB /* Question.swift */,
			);
			path = Assessment;
			sourceTree = "<group>";
		};
/* End PBXGroup section */

/* Begin PBXNativeTarget section */
		974B927F24453A1A00A3E4CD /* COVID-19 */ = {
			isa = PBXNativeTarget;
			buildConfigurationList = 974B929424453A1C00A3E4CD /* Build configuration list for PBXNativeTarget "COVID-19" */;
			buildPhases = (
				974B927C24453A1A00A3E4CD /* Sources */,
				974B927D24453A1A00A3E4CD /* Frameworks */,
				974B927E24453A1A00A3E4CD /* Resources */,
			);
			buildRules = (
			);
			dependencies = (
			);
			name = "COVID-19";
			packageProductDependencies = (
				9767094C24470EB5002F72EF /* Charts */,
			);
			productName = "COVID-19";
			productReference = 974B928024453A1A00A3E4CD /* COVID-19.app */;
			productType = "com.apple.product-type.application";
		};
/* End PBXNativeTarget section */

/* Begin PBXProject section */
		974B927824453A1A00A3E4CD /* Project object */ = {
			isa = PBXProject;
			attributes = {
				LastSwiftUpdateCheck = 1140;
				LastUpgradeCheck = 1140;
				ORGANIZATIONNAME = "Ketan Choyal";
				TargetAttributes = {
					974B927F24453A1A00A3E4CD = {
						CreatedOnToolsVersion = 11.4;
					};
				};
			};
			buildConfigurationList = 974B927B24453A1A00A3E4CD /* Build configuration list for PBXProject "COVID-19" */;
			compatibilityVersion = "Xcode 9.3";
			developmentRegion = en;
			hasScannedForEncodings = 0;
			knownRegions = (
				en,
				Base,
			);
			mainGroup = 974B927724453A1A00A3E4CD;
			packageReferences = (
				9767094B24470EB5002F72EF /* XCRemoteSwiftPackageReference "Charts" */,
			);
			productRefGroup = 974B928124453A1A00A3E4CD /* Products */;
			projectDirPath = "";
			projectRoot = "";
			targets = (
				974B927F24453A1A00A3E4CD /* COVID-19 */,
			);
		};
/* End PBXProject section */

/* Begin PBXResourcesBuildPhase section */
		974B927E24453A1A00A3E4CD /* Resources */ = {
			isa = PBXResourcesBuildPhase;
			buildActionMask = 2147483647;
			files = (
				974B929024453A1C00A3E4CD /* LaunchScreen.storyboard in Resources */,
				974B928D24453A1C00A3E4CD /* Assets.xcassets in Resources */,
				974B928B24453A1A00A3E4CD /* Main.storyboard in Resources */,
			);
			runOnlyForDeploymentPostprocessing = 0;
		};
/* End PBXResourcesBuildPhase section */

/* Begin PBXSourcesBuildPhase section */
		974B927C24453A1A00A3E4CD /* Sources */ = {
			isa = PBXSourcesBuildPhase;
			buildActionMask = 2147483647;
			files = (
				974B929A2445854000A3E4CD /* Constants.swift in Sources */,
				974B92A624458BE300A3E4CD /* Tests.swift in Sources */,
				974B929824455F4C00A3E4CD /* NetworkManager.swift in Sources */,
				974B928824453A1A00A3E4CD /* ViewController.swift in Sources */,
				97468FC72447FD2C00CA1BE8 /* LocationManager.swift in Sources */,
				974B92AA24458BE300A3E4CD /* Response.swift in Sources */,
				97468FC92448408800CA1BE8 /* UIImageView.swift in Sources */,
				9767093E2446A8C4002F72EF /* CountryManager.swift in Sources */,
				9794990824495656005439CB /* SelfAssessmentVC.swift in Sources */,
				974B92A824458BE300A3E4CD /* Deaths.swift in Sources */,
				9794990B24495688005439CB /* Question.swift in Sources */,
				974B929C2445866500A3E4CD /* CovidManager.swift in Sources */,
				974B928424453A1A00A3E4CD /* AppDelegate.swift in Sources */,
				974B92A724458BE300A3E4CD /* Cases.swift in Sources */,
				976709482446DD25002F72EF /* UIView.swift in Sources */,
				976709432446AA81002F72EF /* Country.swift in Sources */,
				974B928624453A1A00A3E4CD /* SceneDelegate.swift in Sources */,
				974B92A524458BE300A3E4CD /* Corona.swift in Sources */,
				976709452446AAA1002F72EF /* Countries.swift in Sources */,
				9794990F24498CD7005439CB /* PreventiveMeasureVC.swift in Sources */,
				9794991124498DAC005439CB /* SearchCountryVC.swift in Sources */,
				97949913244999D6005439CB /* SearchedCountryTVCell.swift in Sources */,
			);
			runOnlyForDeploymentPostprocessing = 0;
		};
/* End PBXSourcesBuildPhase section */

/* Begin PBXVariantGroup section */
		974B928924453A1A00A3E4CD /* Main.storyboard */ = {
			isa = PBXVariantGroup;
			children = (
				974B928A24453A1A00A3E4CD /* Base */,
			);
			name = Main.storyboard;
			sourceTree = "<group>";
		};
		974B928E24453A1C00A3E4CD /* LaunchScreen.storyboard */ = {
			isa = PBXVariantGroup;
			children = (
				974B928F24453A1C00A3E4CD /* Base */,
			);
			name = LaunchScreen.storyboard;
			sourceTree = "<group>";
		};
/* End PBXVariantGroup section */

/* Begin XCBuildConfiguration section */
		974B929224453A1C00A3E4CD /* Debug */ = {
			isa = XCBuildConfiguration;
			buildSettings = {
				ALWAYS_SEARCH_USER_PATHS = NO;
				CLANG_ANALYZER_NONNULL = YES;
				CLANG_ANALYZER_NUMBER_OBJECT_CONVERSION = YES_AGGRESSIVE;
				CLANG_CXX_LANGUAGE_STANDARD = "gnu++14";
				CLANG_CXX_LIBRARY = "libc++";
				CLANG_ENABLE_MODULES = YES;
				CLANG_ENABLE_OBJC_ARC = YES;
				CLANG_ENABLE_OBJC_WEAK = YES;
				CLANG_WARN_BLOCK_CAPTURE_AUTORELEASING = YES;
				CLANG_WARN_BOOL_CONVERSION = YES;
				CLANG_WARN_COMMA = YES;
				CLANG_WARN_CONSTANT_CONVERSION = YES;
				CLANG_WARN_DEPRECATED_OBJC_IMPLEMENTATIONS = YES;
				CLANG_WARN_DIRECT_OBJC_ISA_USAGE = YES_ERROR;
				CLANG_WARN_DOCUMENTATION_COMMENTS = YES;
				CLANG_WARN_EMPTY_BODY = YES;
				CLANG_WARN_ENUM_CONVERSION = YES;
				CLANG_WARN_INFINITE_RECURSION = YES;
				CLANG_WARN_INT_CONVERSION = YES;
				CLANG_WARN_NON_LITERAL_NULL_CONVERSION = YES;
				CLANG_WARN_OBJC_IMPLICIT_RETAIN_SELF = YES;
				CLANG_WARN_OBJC_LITERAL_CONVERSION = YES;
				CLANG_WARN_OBJC_ROOT_CLASS = YES_ERROR;
				CLANG_WARN_RANGE_LOOP_ANALYSIS = YES;
				CLANG_WARN_STRICT_PROTOTYPES = YES;
				CLANG_WARN_SUSPICIOUS_MOVE = YES;
				CLANG_WARN_UNGUARDED_AVAILABILITY = YES_AGGRESSIVE;
				CLANG_WARN_UNREACHABLE_CODE = YES;
				CLANG_WARN__DUPLICATE_METHOD_MATCH = YES;
				COPY_PHASE_STRIP = NO;
				DEBUG_INFORMATION_FORMAT = dwarf;
				ENABLE_STRICT_OBJC_MSGSEND = YES;
				ENABLE_TESTABILITY = YES;
				GCC_C_LANGUAGE_STANDARD = gnu11;
				GCC_DYNAMIC_NO_PIC = NO;
				GCC_NO_COMMON_BLOCKS = YES;
				GCC_OPTIMIZATION_LEVEL = 0;
				GCC_PREPROCESSOR_DEFINITIONS = (
					"DEBUG=1",
					"$(inherited)",
				);
				GCC_WARN_64_TO_32_BIT_CONVERSION = YES;
				GCC_WARN_ABOUT_RETURN_TYPE = YES_ERROR;
				GCC_WARN_UNDECLARED_SELECTOR = YES;
				GCC_WARN_UNINITIALIZED_AUTOS = YES_AGGRESSIVE;
				GCC_WARN_UNUSED_FUNCTION = YES;
				GCC_WARN_UNUSED_VARIABLE = YES;
				IPHONEOS_DEPLOYMENT_TARGET = 13.4;
				MTL_ENABLE_DEBUG_INFO = INCLUDE_SOURCE;
				MTL_FAST_MATH = YES;
				ONLY_ACTIVE_ARCH = YES;
				SDKROOT = iphoneos;
				SWIFT_ACTIVE_COMPILATION_CONDITIONS = DEBUG;
				SWIFT_OPTIMIZATION_LEVEL = "-Onone";
			};
			name = Debug;
		};
		974B929324453A1C00A3E4CD /* Release */ = {
			isa = XCBuildConfiguration;
			buildSettings = {
				ALWAYS_SEARCH_USER_PATHS = NO;
				CLANG_ANALYZER_NONNULL = YES;
				CLANG_ANALYZER_NUMBER_OBJECT_CONVERSION = YES_AGGRESSIVE;
				CLANG_CXX_LANGUAGE_STANDARD = "gnu++14";
				CLANG_CXX_LIBRARY = "libc++";
				CLANG_ENABLE_MODULES = YES;
				CLANG_ENABLE_OBJC_ARC = YES;
				CLANG_ENABLE_OBJC_WEAK = YES;
				CLANG_WARN_BLOCK_CAPTURE_AUTORELEASING = YES;
				CLANG_WARN_BOOL_CONVERSION = YES;
				CLANG_WARN_COMMA = YES;
				CLANG_WARN_CONSTANT_CONVERSION = YES;
				CLANG_WARN_DEPRECATED_OBJC_IMPLEMENTATIONS = YES;
				CLANG_WARN_DIRECT_OBJC_ISA_USAGE = YES_ERROR;
				CLANG_WARN_DOCUMENTATION_COMMENTS = YES;
				CLANG_WARN_EMPTY_BODY = YES;
				CLANG_WARN_ENUM_CONVERSION = YES;
				CLANG_WARN_INFINITE_RECURSION = YES;
				CLANG_WARN_INT_CONVERSION = YES;
				CLANG_WARN_NON_LITERAL_NULL_CONVERSION = YES;
				CLANG_WARN_OBJC_IMPLICIT_RETAIN_SELF = YES;
				CLANG_WARN_OBJC_LITERAL_CONVERSION = YES;
				CLANG_WARN_OBJC_ROOT_CLASS = YES_ERROR;
				CLANG_WARN_RANGE_LOOP_ANALYSIS = YES;
				CLANG_WARN_STRICT_PROTOTYPES = YES;
				CLANG_WARN_SUSPICIOUS_MOVE = YES;
				CLANG_WARN_UNGUARDED_AVAILABILITY = YES_AGGRESSIVE;
				CLANG_WARN_UNREACHABLE_CODE = YES;
				CLANG_WARN__DUPLICATE_METHOD_MATCH = YES;
				COPY_PHASE_STRIP = NO;
				DEBUG_INFORMATION_FORMAT = "dwarf-with-dsym";
				ENABLE_NS_ASSERTIONS = NO;
				ENABLE_STRICT_OBJC_MSGSEND = YES;
				GCC_C_LANGUAGE_STANDARD = gnu11;
				GCC_NO_COMMON_BLOCKS = YES;
				GCC_WARN_64_TO_32_BIT_CONVERSION = YES;
				GCC_WARN_ABOUT_RETURN_TYPE = YES_ERROR;
				GCC_WARN_UNDECLARED_SELECTOR = YES;
				GCC_WARN_UNINITIALIZED_AUTOS = YES_AGGRESSIVE;
				GCC_WARN_UNUSED_FUNCTION = YES;
				GCC_WARN_UNUSED_VARIABLE = YES;
				IPHONEOS_DEPLOYMENT_TARGET = 13.4;
				MTL_ENABLE_DEBUG_INFO = NO;
				MTL_FAST_MATH = YES;
				SDKROOT = iphoneos;
				SWIFT_COMPILATION_MODE = wholemodule;
				SWIFT_OPTIMIZATION_LEVEL = "-O";
				VALIDATE_PRODUCT = YES;
			};
			name = Release;
		};
		974B929524453A1C00A3E4CD /* Debug */ = {
			isa = XCBuildConfiguration;
			buildSettings = {
				ASSETCATALOG_COMPILER_APPICON_NAME = AppIcon;
				CODE_SIGN_STYLE = Automatic;
				DEVELOPMENT_TEAM = V3ZBX77VJ3;
				INFOPLIST_FILE = "COVID-19/Info.plist";
				LD_RUNPATH_SEARCH_PATHS = (
					"$(inherited)",
					"@executable_path/Frameworks",
				);
				PRODUCT_BUNDLE_IDENTIFIER = "com.ketanchoyal.COVID-19";
				PRODUCT_NAME = "$(TARGET_NAME)";
				SWIFT_VERSION = 5.0;
				TARGETED_DEVICE_FAMILY = "1,2";
			};
			name = Debug;
		};
		974B929624453A1C00A3E4CD /* Release */ = {
			isa = XCBuildConfiguration;
			buildSettings = {
				ASSETCATALOG_COMPILER_APPICON_NAME = AppIcon;
				CODE_SIGN_STYLE = Automatic;
				DEVELOPMENT_TEAM = V3ZBX77VJ3;
				INFOPLIST_FILE = "COVID-19/Info.plist";
				LD_RUNPATH_SEARCH_PATHS = (
					"$(inherited)",
					"@executable_path/Frameworks",
				);
				PRODUCT_BUNDLE_IDENTIFIER = "com.ketanchoyal.COVID-19";
				PRODUCT_NAME = "$(TARGET_NAME)";
				SWIFT_VERSION = 5.0;
				TARGETED_DEVICE_FAMILY = "1,2";
			};
			name = Release;
		};
/* End XCBuildConfiguration section */

/* Begin XCConfigurationList section */
		974B927B24453A1A00A3E4CD /* Build configuration list for PBXProject "COVID-19" */ = {
			isa = XCConfigurationList;
			buildConfigurations = (
				974B929224453A1C00A3E4CD /* Debug */,
				974B929324453A1C00A3E4CD /* Release */,
			);
			defaultConfigurationIsVisible = 0;
			defaultConfigurationName = Release;
		};
		974B929424453A1C00A3E4CD /* Build configuration list for PBXNativeTarget "COVID-19" */ = {
			isa = XCConfigurationList;
			buildConfigurations = (
				974B929524453A1C00A3E4CD /* Debug */,
				974B929624453A1C00A3E4CD /* Release */,
			);
			defaultConfigurationIsVisible = 0;
			defaultConfigurationName = Release;
		};
/* End XCConfigurationList section */

/* Begin XCRemoteSwiftPackageReference section */
		9767094B24470EB5002F72EF /* XCRemoteSwiftPackageReference "Charts" */ = {
			isa = XCRemoteSwiftPackageReference;
			repositoryURL = "https://github.com/danielgindi/Charts";
			requirement = {
				kind = upToNextMajorVersion;
				minimumVersion = 3.4.0;
			};
		};
/* End XCRemoteSwiftPackageReference section */

/* Begin XCSwiftPackageProductDependency section */
		9767094C24470EB5002F72EF /* Charts */ = {
			isa = XCSwiftPackageProductDependency;
			package = 9767094B24470EB5002F72EF /* XCRemoteSwiftPackageReference "Charts" */;
			productName = Charts;
		};
/* End XCSwiftPackageProductDependency section */
	};
	rootObject = 974B927824453A1A00A3E4CD /* Project object */;
}
